
Microsoft Visual Studio Solution File, Format Version 12.00
# Visual Studio Version 16
VisualStudioVersion = 16.0.32002.261
MinimumVisualStudioVersion = 10.0.40219.1
Project("{FAE04EC0-301F-11D3-BF4B-00C04F79EFBC}") = "ContosoUniversity", "MVC_Student\ContosoUniversity.csproj", "{141927B2-97F8-4B60-8A2D-78F0F80460C2}"
EndProject
Global
	GlobalSection(SolutionConfigurationPlatforms) = preSolution
		Debug|Any CPU = Debug|Any CPU
		Release|Any CPU = Release|Any CPU
	EndGlobalSection
	GlobalSection(ProjectConfigurationPlatforms) = postSolution
		{141927B2-97F8-4B60-8A2D-78F0F80460C2}.Debug|Any CPU.ActiveCfg = Debug|Any CPU
		{141927B2-97F8-4B60-8A2D-78F0F80460C2}.Debug|Any CPU.Build.0 = Debug|Any CPU
		{141927B2-97F8-4B60-8A2D-78F0F80460C2}.Release|Any CPU.ActiveCfg = Release|Any CPU
		{141927B2-97F8-4B60-8A2D-78F0F80460C2}.Release|Any CPU.Build.0 = Release|Any CPU
	EndGlobalSection
	GlobalSection(SolutionProperties) = preSolution
		HideSolutionNode = FALSE
	EndGlobalSection
	GlobalSection(ExtensibilityGlobals) = postSolution
		SolutionGuid = {41A625CF-6F69-4948-8712-DF0FD65A230F}
	EndGlobalSection
EndGlobal
